
Microsoft Visual Studio Solution File, Format Version 12.00
# Visual Studio Version 17
VisualStudioVersion = 17.2.32516.85
MinimumVisualStudioVersion = 10.0.40219.1
Project("{FAE04EC0-301F-11D3-BF4B-00C04F79EFBC}") = "Task 1", "Task 1.csproj", "{13214F08-AD04-4B91-9977-20EA5B1CE916}"
EndProject
Global
	GlobalSection(SolutionConfigurationPlatforms) = preSolution
		Debug|Any CPU = Debug|Any CPU
		Release|Any CPU = Release|Any CPU
	EndGlobalSection
	GlobalSection(ProjectConfigurationPlatforms) = postSolution
		{13214F08-AD04-4B91-9977-20EA5B1CE916}.Debug|Any CPU.ActiveCfg = Debug|Any CPU
		{13214F08-AD04-4B91-9977-20EA5B1CE916}.Debug|Any CPU.Build.0 = Debug|Any CPU
		{13214F08-AD04-4B91-9977-20EA5B1CE916}.Release|Any CPU.ActiveCfg = Release|Any CPU
		{13214F08-AD04-4B91-9977-20EA5B1CE916}.Release|Any CPU.Build.0 = Release|Any CPU
	EndGlobalSection
	GlobalSection(SolutionProperties) = preSolution
		HideSolutionNode = FALSE
	EndGlobalSection
	GlobalSection(ExtensibilityGlobals) = postSolution
		SolutionGuid = {BBA3DC0D-41B2-4D36-9607-7373BB113ED7}
	EndGlobalSection
EndGlobal
